Microsoft Visual Studio Solution File, Format Version 12.00
# Visual Studio Version 17
VisualStudioVersion = 17.6.33815.320
MinimumVisualStudioVersion = 10.0.40219.1
Project("{9A19103F-16F7-4668-BE54-9A1E7A4F7556}") = "MyWinFormsAppForDb", "MyWinFormsAppForDb.csproj", "{6A1503A3-732E-4A3C-9DF4-18EF312DE668}"
EndProject
Project("{9A19103F-16F7-4668-BE54-9A1E7A4F7556}") = "WinFormsGid", "..\WinFormsGid\WinFormsGid.csproj", "{B6CFF6C7-97FC-4B4A-AFF6-F39893A78AE3}"
EndProject
Project("{9A19103F-16F7-4668-BE54-9A1E7A4F7556}") = "CodeFirstExistingDatabaseSample", "..\CodeFirstExistingDatabaseSample\CodeFirstExistingDatabaseSample.csproj", "{A0CFA123-BF72-432D-BF06-5FA41C23CBD8}"
EndProject
Project("{FAE04EC0-301F-11D3-BF4B-00C04F79EFBC}") = "WinFormAppDbFirstSem", "..\WinForm-app-db-first-sem\WinFormAppDbFirstSem.csproj", "{23DB8CD0-AD4B-4DE4-8EDA-4A637770B1BF}"
EndProject
Global
	GlobalSection(SolutionConfigurationPlatforms) = preSolution
		Debug|Any CPU = Debug|Any CPU
		Release|Any CPU = Release|Any CPU
	EndGlobalSection
	GlobalSection(ProjectConfigurationPlatforms) = postSolution
		{6A1503A3-732E-4A3C-9DF4-18EF312DE668}.Debug|Any CPU.ActiveCfg = Debug|Any CPU
		{6A1503A3-732E-4A3C-9DF4-18EF312DE668}.Debug|Any CPU.Build.0 = Debug|Any CPU
		{6A1503A3-732E-4A3C-9DF4-18EF312DE668}.Release|Any CPU.ActiveCfg = Release|Any CPU
		{6A1503A3-732E-4A3C-9DF4-18EF312DE668}.Release|Any CPU.Build.0 = Release|Any CPU
		{B6CFF6C7-97FC-4B4A-AFF6-F39893A78AE3}.Debug|Any CPU.ActiveCfg = Debug|Any CPU
		{B6CFF6C7-97FC-4B4A-AFF6-F39893A78AE3}.Debug|Any CPU.Build.0 = Debug|Any CPU
		{B6CFF6C7-97FC-4B4A-AFF6-F39893A78AE3}.Release|Any CPU.ActiveCfg = Release|Any CPU
		{B6CFF6C7-97FC-4B4A-AFF6-F39893A78AE3}.Release|Any CPU.Build.0 = Release|Any CPU
		{A0CFA123-BF72-432D-BF06-5FA41C23CBD8}.Debug|Any CPU.ActiveCfg = Debug|Any CPU
		{A0CFA123-BF72-432D-BF06-5FA41C23CBD8}.Debug|Any CPU.Build.0 = Debug|Any CPU
		{A0CFA123-BF72-432D-BF06-5FA41C23CBD8}.Release|Any CPU.ActiveCfg = Release|Any CPU
		{A0CFA123-BF72-432D-BF06-5FA41C23CBD8}.Release|Any CPU.Build.0 = Release|Any CPU
		{23DB8CD0-AD4B-4DE4-8EDA-4A637770B1BF}.Debug|Any CPU.ActiveCfg = Debug|Any CPU
		{23DB8CD0-AD4B-4DE4-8EDA-4A637770B1BF}.Debug|Any CPU.Build.0 = Debug|Any CPU
		{23DB8CD0-AD4B-4DE4-8EDA-4A637770B1BF}.Release|Any CPU.ActiveCfg = Release|Any CPU
		{23DB8CD0-AD4B-4DE4-8EDA-4A637770B1BF}.Release|Any CPU.Build.0 = Release|Any CPU
	EndGlobalSection
	GlobalSection(SolutionProperties) = preSolution
		HideSolutionNode = FALSE
	EndGlobalSection
	GlobalSection(ExtensibilityGlobals) = postSolution
		SolutionGuid = {3827B632-1879-40B0-9032-D946E4107487}
	EndGlobalSection
EndGlobal
